{
    "_readme": [
        "This file locks the dependencies of your project to a known state",
        "Read more about it at http://getcomposer.org/doc/01-basic-usage.md#composer-lock-the-lock-file",
        "This file is @generated automatically"
    ],
    "hash": "0149a06e5a4f1f2658ac97e69a2f4de1",
    "packages": [
        {
            "name": "ad7six/dsn",
            "version": "0.3.0",
            "source": {
                "type": "git",
                "url": "https://github.com/AD7six/php-dsn.git",
                "reference": "8368813399986bdf49e5c636cfeb20f1d609ad9d"
            },
            "dist": {
                "type": "zip",
                "url": "https://api.github.com/repos/AD7six/php-dsn/zipball/8368813399986bdf49e5c636cfeb20f1d609ad9d",
                "reference": "8368813399986bdf49e5c636cfeb20f1d609ad9d",
                "shasum": ""
            },
            "require": {
                "php": ">=5.4.0"
            },
            "suggest": {
                "josegonzalez/dotenv": "0.1.*"
            },
            "type": "library",
            "autoload": {
                "psr-4": {
                    "AD7six\\Dsn\\": "src",
                    "AD7six\\Dsn\\Test\\": "tests"
                }
            },
            "notification-url": "https://packagist.org/downloads/",
            "license": [
                "MIT"
            ],
            "authors": [
                {
                    "name": "Andy Dawson",
                    "email": "andydawson76@gmail.com",
                    "homepage": "http://ad7six.com",
                    "role": "Maintainer"
                }
            ],
            "description": "A utility for parsing and generating service DSNs",
            "time": "2014-03-26 08:51:54"
        },
        {
            "name": "cakedc/migrations",
            "version": "dev-master",
            "source": {
                "type": "git",
                "url": "https://github.com/CakeDC/migrations.git",
                "reference": "c975ba95db59df55c155141052b8d7774d24ce35"
            },
            "dist": {
                "type": "zip",
                "url": "https://api.github.com/repos/CakeDC/migrations/zipball/c975ba95db59df55c155141052b8d7774d24ce35",
                "reference": "c975ba95db59df55c155141052b8d7774d24ce35",
                "shasum": ""
            },
            "require": {
                "composer/installers": "*",
                "php": ">=5.2.8"
            },
            "type": "cakephp-plugin",
            "notification-url": "https://packagist.org/downloads/",
            "license": [
                "MIT"
            ],
            "authors": [
                {
                    "name": "Cake Development Corporation",
                    "email": "team@cakedc.com",
                    "homepage": "http://cakedc.com"
                }
            ],
            "description": "Migrations Plugin for CakePHP",
            "homepage": "http://cakedc.com",
            "keywords": [
                "cakephp",
                "migrations"
            ],
            "time": "2014-07-09 23:50:13"
        },
        {
            "name": "cakedc/search",
            "version": "dev-master",
            "source": {
                "type": "git",
                "url": "https://github.com/CakeDC/search.git",
                "reference": "81248fe424a54b52318ce54a1a286fd6408eb074"
            },
            "dist": {
                "type": "zip",
                "url": "https://api.github.com/repos/CakeDC/search/zipball/81248fe424a54b52318ce54a1a286fd6408eb074",
                "reference": "81248fe424a54b52318ce54a1a286fd6408eb074",
                "shasum": ""
            },
            "require": {
                "composer/installers": "*",
                "php": ">=5.3.0"
            },
            "type": "cakephp-plugin",
            "extra": {
                "installer-name": "Search"
            },
            "notification-url": "https://packagist.org/downloads/",
            "license": [
                "MIT"
            ],
            "authors": [
                {
                    "name": "Cake Development Corporation",
                    "email": "team@cakedc.com",
                    "homepage": "http://cakedc.com"
                }
            ],
            "description": "Search Plugin for CakePHP",
            "homepage": "http://github.com/CakeDC/search",
            "keywords": [
                "cakephp",
                "filter",
                "post-redirect-get",
                "prg",
                "search"
            ],
            "time": "2014-07-14 15:19:29"
        },
        {
            "name": "cakedc/users",
            "version": "dev-master",
            "source": {
                "type": "git",
                "url": "https://github.com/CakeDC/users.git",
                "reference": "1e11f688f3b83061407e598900013c3601c4a1c7"
            },
            "dist": {
                "type": "zip",
                "url": "https://api.github.com/repos/CakeDC/users/zipball/1e11f688f3b83061407e598900013c3601c4a1c7",
                "reference": "1e11f688f3b83061407e598900013c3601c4a1c7",
                "shasum": ""
            },
            "require": {
                "composer/installers": "*",
                "php": ">=5.2.8"
            },
            "suggest": {
                "cakedc/search": "Search functionality for the admin.",
                "cakedc/utils": "If you want to generate slugs based on the username."
            },
            "type": "cakephp-plugin",
            "extra": {
                "installer-name": "Users"
            },
            "notification-url": "https://packagist.org/downloads/",
            "license": [
                "MIT"
            ],
            "authors": [
                {
                    "name": "Cake Development Corporation",
                    "email": "team@cakedc.com",
                    "homepage": "http://cakedc.com"
                }
            ],
            "description": "Users Plugin for CakePHP",
            "homepage": "http://cakedc.com",
            "keywords": [
                "Users",
                "auth",
                "cakephp"
            ],
            "time": "2014-07-14 14:22:19"
        },
        {
            "name": "cakedc/utils",
            "version": "dev-master",
            "source": {
                "type": "git",
                "url": "https://github.com/CakeDC/utils.git",
                "reference": "ea48ed95b62517ddb046a46c17638726242121da"
            },
            "dist": {
                "type": "zip",
                "url": "https://api.github.com/repos/CakeDC/utils/zipball/ea48ed95b62517ddb046a46c17638726242121da",
                "reference": "ea48ed95b62517ddb046a46c17638726242121da",
                "shasum": ""
            },
            "require": {
                "composer/installers": "*"
            },
            "type": "cakephp-plugin",
            "notification-url": "https://packagist.org/downloads/",
            "license": [
                "MIT"
            ],
            "authors": [
                {
                    "name": "Cake Development Corporation",
                    "email": "team@cakedc.com",
                    "homepage": "http://cakedc.com"
                }
            ],
            "description": "Utils Plugin for CakePHP",
            "homepage": "http://cakedc.com",
            "keywords": [
                "cakephp",
                "utility"
            ],
            "time": "2014-03-30 21:42:43"
        },
        {
            "name": "cakephp/cakephp",
            "version": "2.5.3",
            "source": {
                "type": "git",
                "url": "https://github.com/cakephp/cakephp.git",
                "reference": "ac9af7e3269f956b5a030a1bb6e6b95325af8b9c"
            },
            "dist": {
                "type": "zip",
                "url": "https://api.github.com/repos/cakephp/cakephp/zipball/ac9af7e3269f956b5a030a1bb6e6b95325af8b9c",
                "reference": "ac9af7e3269f956b5a030a1bb6e6b95325af8b9c",
                "shasum": ""
            },
            "require": {
                "ext-mcrypt": "*",
                "php": ">=5.2.8"
            },
            "require-dev": {
                "cakephp/debug_kit": "2.2.*",
                "phpunit/phpunit": "3.7.*"
            },
            "bin": [
                "lib/Cake/Console/cake"
            ],
            "type": "library",
            "notification-url": "https://packagist.org/downloads/",
            "license": [
                "MIT"
            ],
            "authors": [
                {
                    "name": "CakePHP Community",
                    "homepage": "https://github.com/cakephp/cakephp/graphs/contributors"
                }
            ],
            "description": "The CakePHP framework",
            "homepage": "http://cakephp.org",
            "keywords": [
                "framework"
            ],
            "time": "2014-07-21 02:20:47"
        },
        {
            "name": "composer/installers",
            "version": "dev-master",
            "source": {
                "type": "git",
                "url": "https://github.com/composer/installers.git",
                "reference": "41cf781ed1271e25bf31b715416a349996aa2527"
            },
            "dist": {
                "type": "zip",
                "url": "https://api.github.com/repos/composer/installers/zipball/41cf781ed1271e25bf31b715416a349996aa2527",
                "reference": "41cf781ed1271e25bf31b715416a349996aa2527",
                "shasum": ""
            },
            "replace": {
                "roundcube/plugin-installer": "*",
                "shama/baton": "*"
            },
            "require-dev": {
                "composer/composer": "1.0.*@dev",
                "phpunit/phpunit": "4.1.*"
            },
            "type": "composer-installer",
            "extra": {
                "class": "Composer\\Installers\\Installer",
                "branch-alias": {
                    "dev-master": "1.0-dev"
                }
            },
            "autoload": {
                "psr-0": {
                    "Composer\\Installers\\": "src/"
                }
            },
            "notification-url": "https://packagist.org/downloads/",
            "license": [
                "MIT"
            ],
            "authors": [
                {
                    "name": "Kyle Robinson Young",
                    "email": "kyle@dontkry.com",
                    "homepage": "https://github.com/shama"
                }
            ],
            "description": "A multi-framework Composer library installer",
            "homepage": "http://composer.github.com/installers/",
            "keywords": [
                "Craft",
                "Dolibarr",
                "Hurad",
                "MODX Evo",
                "OXID",
                "WolfCMS",
                "agl",
                "annotatecms",
                "bitrix",
                "cakephp",
                "chef",
                "codeigniter",
                "concrete5",
                "croogo",
                "drupal",
                "elgg",
                "fuelphp",
                "installer",
                "joomla",
                "kohana",
                "laravel",
                "lithium",
                "magento",
                "mako",
                "mediawiki",
                "modulework",
                "moodle",
                "phpbb",
                "piwik",
                "ppi",
                "puppet",
                "roundcube",
                "shopware",
                "silverstripe",
                "symfony",
                "typo3",
                "wordpress",
                "zend",
                "zikula"
            ],
            "time": "2014-07-22 17:04:15"
        },
        {
            "name": "dereuromark/cakephp-queue",
            "version": "dev-master",
            "source": {
                "type": "git",
                "url": "https://github.com/dereuromark/cakephp-queue.git",
                "reference": "0a53c5980520247b3762a659a049e0c18713d3ee"
            },
            "dist": {
                "type": "zip",
                "url": "https://api.github.com/repos/dereuromark/cakephp-queue/zipball/0a53c5980520247b3762a659a049e0c18713d3ee",
                "reference": "0a53c5980520247b3762a659a049e0c18713d3ee",
                "shasum": ""
            },
            "require": {
                "composer/installers": "*",
                "php": ">=5.3.0"
            },
            "type": "cakephp-plugin",
            "extra": {
                "installer-name": "Queue"
            },
            "notification-url": "https://packagist.org/downloads/",
            "license": [
                "MIT"
            ],
            "authors": [
                {
                    "name": "Mark Scherer",
                    "homepage": "http://www.dereuromark.de"
                }
            ],
            "description": "The Queue plugin for CakePHP provides dereferred task execution.",
            "homepage": "http://github.com/dereuromark/cakephp-queue",
            "keywords": [
                "background",
                "cakephp",
                "dereferred tasks",
                "queue"
            ],
            "time": "2014-07-24 10:27:30"
        },
        {
            "name": "friendsofcake/crud",
            "version": "3.0.9",
            "source": {
                "type": "git",
                "url": "https://github.com/FriendsOfCake/crud.git",
                "reference": "0be86cd5e8c5b868a61da02093c3b6af2c50b61c"
            },
            "dist": {
                "type": "zip",
                "url": "https://api.github.com/repos/FriendsOfCake/crud/zipball/0be86cd5e8c5b868a61da02093c3b6af2c50b61c",
                "reference": "0be86cd5e8c5b868a61da02093c3b6af2c50b61c",
                "shasum": ""
            },
            "require": {
                "composer/installers": "*"
            },
            "suggest": {
                "cakedc/search": "If you want to use the Search Listener"
            },
            "type": "cakephp-plugin",
            "extra": {
                "installer-name": "Crud"
            },
            "notification-url": "https://packagist.org/downloads/",
            "license": [
                "MIT"
            ],
            "authors": [
                {
                    "name": "Christian Winther",
                    "homepage": "http://cakephp.nu/",
                    "role": "Author"
                },
                {
                    "name": "José Lorenzo Rodríguez",
                    "homepage": "https://github.com/lorenzo",
                    "role": "Contributor"
                },
                {
                    "name": "Andy Dawson",
                    "homepage": "https://github.com/ad7six",
                    "role": "Contributor"
                },
                {
                    "name": "ADmad",
                    "homepage": "https://github.com/admad",
                    "role": "Contributor"
                }
            ],
            "description": "CakePHP Application development on steroids - rapid prototyping / scaffolding & production ready code - XML / JSON APIs and more",
            "homepage": "https://github.com/FriendsOfCake/crud",
            "keywords": [
                "bake",
                "cake",
                "cakephp",
                "create",
                "crud",
                "delete",
                "retrieve",
                "scaffold",
                "scaffolding",
                "update"
            ],
            "time": "2013-12-11 12:54:51"
        },
        {
            "name": "josegonzalez/dotenv",
            "version": "0.1.0",
            "source": {
                "type": "git",
                "url": "https://github.com/josegonzalez/php-dotenv.git",
                "reference": "e0894340b4a8bc99fe24f3c69bc6f18256360485"
            },
            "dist": {
                "type": "zip",
                "url": "https://api.github.com/repos/josegonzalez/php-dotenv/zipball/e0894340b4a8bc99fe24f3c69bc6f18256360485",
                "reference": "e0894340b4a8bc99fe24f3c69bc6f18256360485",
                "shasum": ""
            },
            "require": {
                "php": ">=5.3.0"
            },
            "type": "library",
            "autoload": {
                "psr-0": {
                    "josegonzalez\\Dotenv": [
                        "src",
                        "tests"
                    ]
                }
            },
            "notification-url": "https://packagist.org/downloads/",
            "license": [
                "MIT"
            ],
            "authors": [
                {
                    "name": "Jose Diaz-Gonzalez",
                    "email": "dotenv@josegonzalez.com",
                    "homepage": "http://josediazgonzalez.com",
                    "role": "Maintainer"
                }
            ],
            "description": "dotenv file parsing for PHP",
            "homepage": "https://github.com/josegonzalez/php-dotenv",
            "keywords": [
                "configuration",
                "dotenv",
                "php"
            ],
            "time": "2014-01-09 04:42:26"
        },
        {
            "name": "slywalker/boost_cake",
            "version": "dev-master",
            "source": {
                "type": "git",
                "url": "https://github.com/slywalker/cakephp-plugin-boost_cake.git",
                "reference": "0b3ddab32ff0bcd77f2a48991cc4d41082c74857"
            },
            "dist": {
                "type": "zip",
                "url": "https://api.github.com/repos/slywalker/cakephp-plugin-boost_cake/zipball/0b3ddab32ff0bcd77f2a48991cc4d41082c74857",
                "reference": "0b3ddab32ff0bcd77f2a48991cc4d41082c74857",
                "shasum": ""
            },
            "require": {
                "composer/installers": "*",
                "php": ">=5.3.0"
            },
            "suggest": {
                "twbs/bootstrap": "Bootstrap framework"
            },
            "type": "cakephp-plugin",
            "notification-url": "https://packagist.org/downloads/",
            "license": [
                "MIT"
            ],
            "authors": [
                {
                    "name": "Yasuo Harada",
                    "email": "slywalker.net@gmail.com",
                    "homepage": "https://github.com/slywalker"
                }
            ],
            "description": "BoostCake is a plugin for CakePHP using Bootstrap",
            "homepage": "http://slywalker.github.io/cakephp-plugin-boost_cake/",
            "keywords": [
                "bootstrap",
                "cakephp",
                "twitter"
            ],
            "time": "2014-05-13 16:08:30"
        },
        {
            "name": "twbs/bootstrap",
            "version": "dev-master",
            "source": {
                "type": "git",
                "url": "https://github.com/twbs/bootstrap.git",
                "reference": "98d693ba7bff3b14f92fea198f8ad49ac44b4872"
            },
            "dist": {
                "type": "zip",
                "url": "https://api.github.com/repos/twbs/bootstrap/zipball/98d693ba7bff3b14f92fea198f8ad49ac44b4872",
                "reference": "98d693ba7bff3b14f92fea198f8ad49ac44b4872",
                "shasum": ""
            },
            "replace": {
                "twitter/bootstrap": "self.version"
            },
            "type": "library",
            "extra": {
                "branch-alias": {
                    "dev-master": "3.2.x-dev"
                }
            },
            "notification-url": "https://packagist.org/downloads/",
            "license": [
                "MIT"
            ],
            "authors": [
                {
                    "name": "Jacob Thornton",
                    "email": "jacobthornton@gmail.com"
                },
                {
                    "name": "Mark Otto",
                    "email": "markdotto@gmail.com"
                }
            ],
            "description": "The most popular front-end framework for developing responsive, mobile first projects on the web.",
            "homepage": "http://getbootstrap.com",
            "keywords": [
                "JS",
                "css",
                "framework",
                "front-end",
                "less",
                "mobile-first",
                "responsive",
                "web"
            ],
            "time": "2014-07-24 04:03:46"
        }
    ],
    "packages-dev": [
        {
            "name": "cakephp/debug_kit",
            "version": "dev-master",
            "source": {
                "type": "git",
                "url": "https://github.com/cakephp/debug_kit.git",
                "reference": "9b88d323bd7eb1eba3a85d22e84ef09fe5fd151d"
            },
            "dist": {
                "type": "zip",
                "url": "https://api.github.com/repos/cakephp/debug_kit/zipball/9b88d323bd7eb1eba3a85d22e84ef09fe5fd151d",
                "reference": "9b88d323bd7eb1eba3a85d22e84ef09fe5fd151d",
                "shasum": ""
            },
            "require": {
                "composer/installers": "*",
                "php": ">=5.3.0"
            },
            "type": "cakephp-plugin",
            "extra": {
                "branch-alias": {
                    "dev-master": "2.2.x-dev"
                },
                "installer-name": "DebugKit"
            },
            "notification-url": "https://packagist.org/downloads/",
            "license": [
                "MIT"
            ],
            "authors": [
                {
                    "name": "Mark Story",
                    "homepage": "http://mark-story.com",
                    "role": "Author"
                },
                {
                    "name": "CakePHP Community",
                    "homepage": "https://github.com/cakephp/debug_kit/graphs/contributors"
                }
            ],
            "description": "CakePHP Debug Kit",
            "homepage": "https://github.com/cakephp/debug_kit",
            "keywords": [
                "cakephp",
                "debug",
                "kit"
            ],
            "time": "2014-07-17 16:52:44"
        }
    ],
    "aliases": [

    ],
    "minimum-stability": "dev",
    "stability-flags": {
        "cakedc/users": 20,
        "cakedc/search": 20,
        "cakedc/utils": 20,
        "cakedc/migrations": 20,
        "dereuromark/cakephp-queue": 20
    },
    "prefer-stable": false,
    "platform": {
        "php": ">=5.4"
    },
    "platform-dev": [

    ]
}
